// !$*UTF8*$!
{
	archiveVersion = 1;
	classes = {
	};
	objectVersion = 46;
	objects = {

/* Begin PBXBuildFile section */
		811B7B8D1CB374430019BF6A /* MarqueeLabel.swift in Sources */ = {isa = PBXBuildFile; fileRef = 811B7B8C1CB374430019BF6A /* MarqueeLabel.swift */; };
		811FDA141CB7E9DA00903ADA /* info.png in Resources */ = {isa = PBXBuildFile; fileRef = 811FDA131CB7E9DA00903ADA /* info.png */; };
		819FFB631CB3EE090081B5E6 /* magnifying_glass.png in Resources */ = {isa = PBXBuildFile; fileRef = 819FFB5E1CB3EE090081B5E6 /* magnifying_glass.png */; };
		819FFB641CB3EE090081B5E6 /* spotify-logo500.png in Resources */ = {isa = PBXBuildFile; fileRef = 819FFB5F1CB3EE090081B5E6 /* spotify-logo500.png */; };
		819FFB681CB3F1BC0081B5E6 /* pause.png in Resources */ = {isa = PBXBuildFile; fileRef = 819FFB651CB3F1BC0081B5E6 /* pause.png */; };
		819FFB691CB3F1BC0081B5E6 /* play.png in Resources */ = {isa = PBXBuildFile; fileRef = 819FFB661CB3F1BC0081B5E6 /* play.png */; };
		819FFB6A1CB3F1BC0081B5E6 /* rewind.png in Resources */ = {isa = PBXBuildFile; fileRef = 819FFB671CB3F1BC0081B5E6 /* rewind.png */; };
		81B4EF351CC8548600829C71 /* nilartist.png in Resources */ = {isa = PBXBuildFile; fileRef = 81B4EF341CC8548600829C71 /* nilartist.png */; };
		81E32E671CB14DF800B6B68D /* AppDelegate.swift in Sources */ = {isa = PBXBuildFile; fileRef = 81E32E661CB14DF800B6B68D /* AppDelegate.swift */; };
		81E32E691CB14DF800B6B68D /* ViewController.swift in Sources */ = {isa = PBXBuildFile; fileRef = 81E32E681CB14DF800B6B68D /* ViewController.swift */; };
		81E32E6C1CB14DF800B6B68D /* Main.storyboard in Resources */ = {isa = PBXBuildFile; fileRef = 81E32E6A1CB14DF800B6B68D /* Main.storyboard */; };
		81E32E6E1CB14DF800B6B68D /* Assets.xcassets in Resources */ = {isa = PBXBuildFile; fileRef = 81E32E6D1CB14DF800B6B68D /* Assets.xcassets */; };
		81E32E711CB14DF800B6B68D /* LaunchScreen.storyboard in Resources */ = {isa = PBXBuildFile; fileRef = 81E32E6F1CB14DF800B6B68D /* LaunchScreen.storyboard */; };
		81E32E7C1CB14DF800B6B68D /* MusiquestTests.swift in Sources */ = {isa = PBXBuildFile; fileRef = 81E32E7B1CB14DF800B6B68D /* MusiquestTests.swift */; };
/* End PBXBuildFile section */

/* Begin PBXContainerItemProxy section */
		81E32E781CB14DF800B6B68D /* PBXContainerItemProxy */ = {
			isa = PBXContainerItemProxy;
			containerPortal = 81E32E5B1CB14DF700B6B68D /* Project object */;
			proxyType = 1;
			remoteGlobalIDString = 81E32E621CB14DF800B6B68D;
			remoteInfo = Musiquest;
		};
/* End PBXContainerItemProxy section */

/* Begin PBXFileReference section */
		811B7B8C1CB374430019BF6A /* MarqueeLabel.swift */ = {isa = PBXFileReference; fileEncoding = 4; lastKnownFileType = sourcecode.swift; path = MarqueeLabel.swift; sourceTree = "<group>"; };
		811FDA131CB7E9DA00903ADA /* info.png */ = {isa = PBXFileReference; lastKnownFileType = image.png; path = info.png; sourceTree = SOURCE_ROOT; };
		819FFB5E1CB3EE090081B5E6 /* magnifying_glass.png */ = {isa = PBXFileReference; lastKnownFileType = image.png; path = magnifying_glass.png; sourceTree = "<group>"; };
		819FFB5F1CB3EE090081B5E6 /* spotify-logo500.png */ = {isa = PBXFileReference; lastKnownFileType = image.png; path = "spotify-logo500.png"; sourceTree = "<group>"; };
		819FFB651CB3F1BC0081B5E6 /* pause.png */ = {isa = PBXFileReference; lastKnownFileType = image.png; path = pause.png; sourceTree = "<group>"; };
		819FFB661CB3F1BC0081B5E6 /* play.png */ = {isa = PBXFileReference; lastKnownFileType = image.png; path = play.png; sourceTree = "<group>"; };
		819FFB671CB3F1BC0081B5E6 /* rewind.png */ = {isa = PBXFileReference; lastKnownFileType = image.png; path = rewind.png; sourceTree = "<group>"; };
		81B4EF341CC8548600829C71 /* nilartist.png */ = {isa = PBXFileReference; lastKnownFileType = image.png; path = nilartist.png; sourceTree = "<group>"; };
		81E32E631CB14DF800B6B68D /* Musiquest.app */ = {isa = PBXFileReference; explicitFileType = wrapper.application; includeInIndex = 0; path = Musiquest.app; sourceTree = BUILT_PRODUCTS_DIR; };
		81E32E661CB14DF800B6B68D /* AppDelegate.swift */ = {isa = PBXFileReference; lastKnownFileType = sourcecode.swift; path = AppDelegate.swift; sourceTree = "<group>"; };
		81E32E681CB14DF800B6B68D /* ViewController.swift */ = {isa = PBXFileReference; lastKnownFileType = sourcecode.swift; path = ViewController.swift; sourceTree = "<group>"; };
		81E32E6B1CB14DF800B6B68D /* Base */ = {isa = PBXFileReference; lastKnownFileType = file.storyboard; name = Base; path = Base.lproj/Main.storyboard; sourceTree = "<group>"; };
		81E32E6D1CB14DF800B6B68D /* Assets.xcassets */ = {isa = PBXFileReference; lastKnownFileType = folder.assetcatalog; path = Assets.xcassets; sourceTree = "<group>"; };
		81E32E701CB14DF800B6B68D /* Base */ = {isa = PBXFileReference; lastKnownFileType = file.storyboard; name = Base; path = Base.lproj/LaunchScreen.storyboard; sourceTree = "<group>"; };
		81E32E721CB14DF800B6B68D /* Info.plist */ = {isa = PBXFileReference; lastKnownFileType = text.plist.xml; path = Info.plist; sourceTree = "<group>"; };
		81E32E771CB14DF800B6B68D /* MusiquestTests.xctest */ = {isa = PBXFileReference; explicitFileType = wrapper.cfbundle; includeInIndex = 0; path = MusiquestTests.xctest; sourceTree = BUILT_PRODUCTS_DIR; };
		81E32E7B1CB14DF800B6B68D /* MusiquestTests.swift */ = {isa = PBXFileReference; lastKnownFileType = sourcecode.swift; path = MusiquestTests.swift; sourceTree = "<group>"; };
		81E32E7D1CB14DF800B6B68D /* Info.plist */ = {isa = PBXFileReference; lastKnownFileType = text.plist.xml; path = Info.plist; sourceTree = "<group>"; };
/* End PBXFileReference section */

/* Begin PBXFrameworksBuildPhase section */
		81E32E601CB14DF800B6B68D /* Frameworks */ = {
			isa = PBXFrameworksBuildPhase;
			buildActionMask = 2147483647;
			files = (
			);
			runOnlyForDeploymentPostprocessing = 0;
		};
		81E32E741CB14DF800B6B68D /* Frameworks */ = {
			isa = PBXFrameworksBuildPhase;
			buildActionMask = 2147483647;
			files = (
			);
			runOnlyForDeploymentPostprocessing = 0;
		};
/* End PBXFrameworksBuildPhase section */

/* Begin PBXGroup section */
		81E32E5A1CB14DF700B6B68D = {
			isa = PBXGroup;
			children = (
				81B4EF341CC8548600829C71 /* nilartist.png */,
				819FFB651CB3F1BC0081B5E6 /* pause.png */,
				819FFB661CB3F1BC0081B5E6 /* play.png */,
				819FFB671CB3F1BC0081B5E6 /* rewind.png */,
				819FFB5E1CB3EE090081B5E6 /* magnifying_glass.png */,
				819FFB5F1CB3EE090081B5E6 /* spotify-logo500.png */,
				811FDA131CB7E9DA00903ADA /* info.png */,
				81E32E651CB14DF800B6B68D /* Musiquest */,
				81E32E7A1CB14DF800B6B68D /* MusiquestTests */,
				81E32E641CB14DF800B6B68D /* Products */,
			);
			sourceTree = "<group>";
		};
		81E32E641CB14DF800B6B68D /* Products */ = {
			isa = PBXGroup;
			children = (
				81E32E631CB14DF800B6B68D /* Musiquest.app */,
				81E32E771CB14DF800B6B68D /* MusiquestTests.xctest */,
			);
			name = Products;
			sourceTree = "<group>";
		};
		81E32E651CB14DF800B6B68D /* Musiquest */ = {
			isa = PBXGroup;
			children = (
				811B7B8C1CB374430019BF6A /* MarqueeLabel.swift */,
				81E32E6A1CB14DF800B6B68D /* Main.storyboard */,
				81E32E661CB14DF800B6B68D /* AppDelegate.swift */,
				81E32E681CB14DF800B6B68D /* ViewController.swift */,
				81E32E6D1CB14DF800B6B68D /* Assets.xcassets */,
				81E32E6F1CB14DF800B6B68D /* LaunchScreen.storyboard */,
				81E32E721CB14DF800B6B68D /* Info.plist */,
			);
			path = Musiquest;
			sourceTree = "<group>";
		};
		81E32E7A1CB14DF800B6B68D /* MusiquestTests */ = {
			isa = PBXGroup;
			children = (
				81E32E7B1CB14DF800B6B68D /* MusiquestTests.swift */,
				81E32E7D1CB14DF800B6B68D /* Info.plist */,
			);
			path = MusiquestTests;
			sourceTree = "<group>";
		};
/* End PBXGroup section */

/* Begin PBXNativeTarget section */
		81E32E621CB14DF800B6B68D /* Musiquest */ = {
			isa = PBXNativeTarget;
			buildConfigurationList = 81E32E801CB14DF800B6B68D /* Build configuration list for PBXNativeTarget "Musiquest" */;
			buildPhases = (
				81E32E5F1CB14DF800B6B68D /* Sources */,
				81E32E601CB14DF800B6B68D /* Frameworks */,
				81E32E611CB14DF800B6B68D /* Resources */,
			);
			buildRules = (
			);
			dependencies = (
			);
			name = Musiquest;
			productName = Musiquest;
			productReference = 81E32E631CB14DF800B6B68D /* Musiquest.app */;
			productType = "com.apple.product-type.application";
		};
		81E32E761CB14DF800B6B68D /* MusiquestTests */ = {
			isa = PBXNativeTarget;
			buildConfigurationList = 81E32E831CB14DF800B6B68D /* Build configuration list for PBXNativeTarget "MusiquestTests" */;
			buildPhases = (
				81E32E731CB14DF800B6B68D /* Sources */,
				81E32E741CB14DF800B6B68D /* Frameworks */,
				81E32E751CB14DF800B6B68D /* Resources */,
			);
			buildRules = (
			);
			dependencies = (
				81E32E791CB14DF800B6B68D /* PBXTargetDependency */,
			);
			name = MusiquestTests;
			productName = MusiquestTests;
			productReference = 81E32E771CB14DF800B6B68D /* MusiquestTests.xctest */;
			productType = "com.apple.product-type.bundle.unit-test";
		};
/* End PBXNativeTarget section */

/* Begin PBXProject section */
		81E32E5B1CB14DF700B6B68D /* Project object */ = {
			isa = PBXProject;
			attributes = {
				LastSwiftUpdateCheck = 0730;
				LastUpgradeCheck = 0730;
				ORGANIZATIONNAME = "Eric Feinstein";
				TargetAttributes = {
					81E32E621CB14DF800B6B68D = {
						CreatedOnToolsVersion = 7.3;
						DevelopmentTeam = F9UP2TNY4X;
					};
					81E32E761CB14DF800B6B68D = {
						CreatedOnToolsVersion = 7.3;
						DevelopmentTeam = F9UP2TNY4X;
						TestTargetID = 81E32E621CB14DF800B6B68D;
					};
				};
			};
			buildConfigurationList = 81E32E5E1CB14DF800B6B68D /* Build configuration list for PBXProject "Musiquest" */;
			compatibilityVersion = "Xcode 3.2";
			developmentRegion = English;
			hasScannedForEncodings = 0;
			knownRegions = (
				en,
				Base,
			);
			mainGroup = 81E32E5A1CB14DF700B6B68D;
			productRefGroup = 81E32E641CB14DF800B6B68D /* Products */;
			projectDirPath = "";
			projectRoot = "";
			targets = (
				81E32E621CB14DF800B6B68D /* Musiquest */,
				81E32E761CB14DF800B6B68D /* MusiquestTests */,
			);
		};
/* End PBXProject section */

/* Begin PBXResourcesBuildPhase section */
		81E32E611CB14DF800B6B68D /* Resources */ = {
			isa = PBXResourcesBuildPhase;
			buildActionMask = 2147483647;
			files = (
				819FFB691CB3F1BC0081B5E6 /* play.png in Resources */,
				81E32E711CB14DF800B6B68D /* LaunchScreen.storyboard in Resources */,
				811FDA141CB7E9DA00903ADA /* info.png in Resources */,
				81E32E6E1CB14DF800B6B68D /* Assets.xcassets in Resources */,
				81B4EF351CC8548600829C71 /* nilartist.png in Resources */,
				819FFB681CB3F1BC0081B5E6 /* pause.png in Resources */,
				81E32E6C1CB14DF800B6B68D /* Main.storyboard in Resources */,
				819FFB631CB3EE090081B5E6 /* magnifying_glass.png in Resources */,
				819FFB6A1CB3F1BC0081B5E6 /* rewind.png in Resources */,
				819FFB641CB3EE090081B5E6 /* spotify-logo500.png in Resources */,
			);
			runOnlyForDeploymentPostprocessing = 0;
		};
		81E32E751CB14DF800B6B68D /* Resources */ = {
			isa = PBXResourcesBuildPhase;
			buildActionMask = 2147483647;
			files = (
			);
			runOnlyForDeploymentPostprocessing = 0;
		};
/* End PBXResourcesBuildPhase section */

/* Begin PBXSourcesBuildPhase section */
		81E32E5F1CB14DF800B6B68D /* Sources */ = {
			isa = PBXSourcesBuildPhase;
			buildActionMask = 2147483647;
			files = (
				811B7B8D1CB374430019BF6A /* MarqueeLabel.swift in Sources */,
				81E32E691CB14DF800B6B68D /* ViewController.swift in Sources */,
				81E32E671CB14DF800B6B68D /* AppDelegate.swift in Sources */,
			);
			runOnlyForDeploymentPostprocessing = 0;
		};
		81E32E731CB14DF800B6B68D /* Sources */ = {
			isa = PBXSourcesBuildPhase;
			buildActionMask = 2147483647;
			files = (
				81E32E7C1CB14DF800B6B68D /* MusiquestTests.swift in Sources */,
			);
			runOnlyForDeploymentPostprocessing = 0;
		};
/* End PBXSourcesBuildPhase section */

/* Begin PBXTargetDependency section */
		81E32E791CB14DF800B6B68D /* PBXTargetDependency */ = {
			isa = PBXTargetDependency;
			target = 81E32E621CB14DF800B6B68D /* Musiquest */;
			targetProxy = 81E32E781CB14DF800B6B68D /* PBXContainerItemProxy */;
		};
/* End PBXTargetDependency section */

/* Begin PBXVariantGroup section */
		81E32E6A1CB14DF800B6B68D /* Main.storyboard */ = {
			isa = PBXVariantGroup;
			children = (
				81E32E6B1CB14DF800B6B68D /* Base */,
			);
			name = Main.storyboard;
			sourceTree = "<group>";
		};
		81E32E6F1CB14DF800B6B68D /* LaunchScreen.storyboard */ = {
			isa = PBXVariantGroup;
			children = (
				81E32E701CB14DF800B6B68D /* Base */,
			);
			name = LaunchScreen.storyboard;
			sourceTree = "<group>";
		};
/* End PBXVariantGroup section */

/* Begin XCBuildConfiguration section */
		81E32E7E1CB14DF800B6B68D /* Debug */ = {
			isa = XCBuildConfiguration;
			buildSettings = {
				ALWAYS_SEARCH_USER_PATHS = NO;
				CLANG_ANALYZER_NONNULL = YES;
				CLANG_CXX_LANGUAGE_STANDARD = "gnu++0x";
				CLANG_CXX_LIBRARY = "libc++";
				CLANG_ENABLE_MODULES = YES;
				CLANG_ENABLE_OBJC_ARC = YES;
				CLANG_WARN_BOOL_CONVERSION = YES;
				CLANG_WARN_CONSTANT_CONVERSION = YES;
				CLANG_WARN_DIRECT_OBJC_ISA_USAGE = YES_ERROR;
				CLANG_WARN_EMPTY_BODY = YES;
				CLANG_WARN_ENUM_CONVERSION = YES;
				CLANG_WARN_INT_CONVERSION = YES;
				CLANG_WARN_OBJC_ROOT_CLASS = YES_ERROR;
				CLANG_WARN_UNREACHABLE_CODE = YES;
				CLANG_WARN__DUPLICATE_METHOD_MATCH = YES;
				"CODE_SIGN_IDENTITY[sdk=iphoneos*]" = "iPhone Developer";
				COPY_PHASE_STRIP = NO;
				DEBUG_INFORMATION_FORMAT = dwarf;
				ENABLE_STRICT_OBJC_MSGSEND = YES;
				ENABLE_TESTABILITY = YES;
				GCC_C_LANGUAGE_STANDARD = gnu99;
				GCC_DYNAMIC_NO_PIC = NO;
				GCC_NO_COMMON_BLOCKS = YES;
				GCC_OPTIMIZATION_LEVEL = 0;
				GCC_PREPROCESSOR_DEFINITIONS = (
					"DEBUG=1",
					"$(inherited)",
				);
				GCC_WARN_64_TO_32_BIT_CONVERSION = YES;
				GCC_WARN_ABOUT_RETURN_TYPE = YES_ERROR;
				GCC_WARN_UNDECLARED_SELECTOR = YES;
				GCC_WARN_UNINITIALIZED_AUTOS = YES_AGGRESSIVE;
				GCC_WARN_UNUSED_FUNCTION = YES;
				GCC_WARN_UNUSED_VARIABLE = YES;
				IPHONEOS_DEPLOYMENT_TARGET = 9.3;
				MTL_ENABLE_DEBUG_INFO = YES;
				ONLY_ACTIVE_ARCH = YES;
				SDKROOT = iphoneos;
				SWIFT_OPTIMIZATION_LEVEL = "-Onone";
				TARGETED_DEVICE_FAMILY = "1,2";
			};
			name = Debug;
		};
		81E32E7F1CB14DF800B6B68D /* Release */ = {
			isa = XCBuildConfiguration;
			buildSettings = {
				ALWAYS_SEARCH_USER_PATHS = NO;
				CLANG_ANALYZER_NONNULL = YES;
				CLANG_CXX_LANGUAGE_STANDARD = "gnu++0x";
				CLANG_CXX_LIBRARY = "libc++";
				CLANG_ENABLE_MODULES = YES;
				CLANG_ENABLE_OBJC_ARC = YES;
				CLANG_WARN_BOOL_CONVERSION = YES;
				CLANG_WARN_CONSTANT_CONVERSION = YES;
				CLANG_WARN_DIRECT_OBJC_ISA_USAGE = YES_ERROR;
				CLANG_WARN_EMPTY_BODY = YES;
				CLANG_WARN_ENUM_CONVERSION = YES;
				CLANG_WARN_INT_CONVERSION = YES;
				CLANG_WARN_OBJC_ROOT_CLASS = YES_ERROR;
				CLANG_WARN_UNREACHABLE_CODE = YES;
				CLANG_WARN__DUPLICATE_METHOD_MATCH = YES;
				"CODE_SIGN_IDENTITY[sdk=iphoneos*]" = "iPhone Developer";
				COPY_PHASE_STRIP = NO;
				DEBUG_INFORMATION_FORMAT = "dwarf-with-dsym";
				ENABLE_NS_ASSERTIONS = NO;
				ENABLE_STRICT_OBJC_MSGSEND = YES;
				GCC_C_LANGUAGE_STANDARD = gnu99;
				GCC_NO_COMMON_BLOCKS = YES;
				GCC_WARN_64_TO_32_BIT_CONVERSION = YES;
				GCC_WARN_ABOUT_RETURN_TYPE = YES_ERROR;
				GCC_WARN_UNDECLARED_SELECTOR = YES;
				GCC_WARN_UNINITIALIZED_AUTOS = YES_AGGRESSIVE;
				GCC_WARN_UNUSED_FUNCTION = YES;
				GCC_WARN_UNUSED_VARIABLE = YES;
				IPHONEOS_DEPLOYMENT_TARGET = 9.3;
				MTL_ENABLE_DEBUG_INFO = NO;
				SDKROOT = iphoneos;
				TARGETED_DEVICE_FAMILY = "1,2";
				VALIDATE_PRODUCT = YES;
			};
			name = Release;
		};
		81E32E811CB14DF800B6B68D /* Debug */ = {
			isa = XCBuildConfiguration;
			buildSettings = {
				ASSETCATALOG_COMPILER_APPICON_NAME = AppIcon;
				INFOPLIST_FILE = Musiquest/Info.plist;
				LD_RUNPATH_SEARCH_PATHS = "$(inherited) @executable_path/Frameworks";
				PRODUCT_BUNDLE_IDENTIFIER = exf113.Musiquest;
				PRODUCT_NAME = "$(TARGET_NAME)";
			};
			name = Debug;
		};
		81E32E821CB14DF800B6B68D /* Release */ = {
			isa = XCBuildConfiguration;
			buildSettings = {
				ASSETCATALOG_COMPILER_APPICON_NAME = AppIcon;
				INFOPLIST_FILE = Musiquest/Info.plist;
				LD_RUNPATH_SEARCH_PATHS = "$(inherited) @executable_path/Frameworks";
				PRODUCT_BUNDLE_IDENTIFIER = exf113.Musiquest;
				PRODUCT_NAME = "$(TARGET_NAME)";
			};
			name = Release;
		};
		81E32E841CB14DF800B6B68D /* Debug */ = {
			isa = XCBuildConfiguration;
			buildSettings = {
				BUNDLE_LOADER = "$(TEST_HOST)";
				INFOPLIST_FILE = MusiquestTests/Info.plist;
				LD_RUNPATH_SEARCH_PATHS = "$(inherited) @executable_path/Frameworks @loader_path/Frameworks";
				PRODUCT_BUNDLE_IDENTIFIER = exf113.MusiquestTests;
				PRODUCT_NAME = "$(TARGET_NAME)";
				TEST_HOST = "$(BUILT_PRODUCTS_DIR)/Musiquest.app/Musiquest";
			};
			name = Debug;
		};
		81E32E851CB14DF800B6B68D /* Release */ = {
			isa = XCBuildConfiguration;
			buildSettings = {
				BUNDLE_LOADER = "$(TEST_HOST)";
				INFOPLIST_FILE = MusiquestTests/Info.plist;
				LD_RUNPATH_SEARCH_PATHS = "$(inherited) @executable_path/Frameworks @loader_path/Frameworks";
				PRODUCT_BUNDLE_IDENTIFIER = exf113.MusiquestTests;
				PRODUCT_NAME = "$(TARGET_NAME)";
				TEST_HOST = "$(BUILT_PRODUCTS_DIR)/Musiquest.app/Musiquest";
			};
			name = Release;
		};
/* End XCBuildConfiguration section */

/* Begin XCConfigurationList section */
		81E32E5E1CB14DF800B6B68D /* Build configuration list for PBXProject "Musiquest" */ = {
			isa = XCConfigurationList;
			buildConfigurations = (
				81E32E7E1CB14DF800B6B68D /* Debug */,
				81E32E7F1CB14DF800B6B68D /* Release */,
			);
			defaultConfigurationIsVisible = 0;
			defaultConfigurationName = Release;
		};
		81E32E801CB14DF800B6B68D /* Build configuration list for PBXNativeTarget "Musiquest" */ = {
			isa = XCConfigurationList;
			buildConfigurations = (
				81E32E811CB14DF800B6B68D /* Debug */,
				81E32E821CB14DF800B6B68D /* Release */,
			);
			defaultConfigurationIsVisible = 0;
			defaultConfigurationName = Release;
		};
		81E32E831CB14DF800B6B68D /* Build configuration list for PBXNativeTarget "MusiquestTests" */ = {
			isa = XCConfigurationList;
			buildConfigurations = (
				81E32E841CB14DF800B6B68D /* Debug */,
				81E32E851CB14DF800B6B68D /* Release */,
			);
			defaultConfigurationIsVisible = 0;
			defaultConfigurationName = Release;
		};
/* End XCConfigurationList section */
	};
	rootObject = 81E32E5B1CB14DF700B6B68D /* Project object */;
}
